// !$*UTF8*$!
{
	archiveVersion = 1;
	classes = {
	};
	objectVersion = 46;
	objects = {

/* Begin PBXBuildFile section */
		10A0E0221C875BA600E73264 /* AppDelegate.swift in Sources */ = {isa = PBXBuildFile; fileRef = 10A0E0211C875BA600E73264 /* AppDelegate.swift */; };
		10A0E0241C875BA600E73264 /* ViewController.swift in Sources */ = {isa = PBXBuildFile; fileRef = 10A0E0231C875BA600E73264 /* ViewController.swift */; };
		10A0E0271C875BA600E73264 /* Main.storyboard in Resources */ = {isa = PBXBuildFile; fileRef = 10A0E0251C875BA600E73264 /* Main.storyboard */; };
		10A0E0291C875BA600E73264 /* Assets.xcassets in Resources */ = {isa = PBXBuildFile; fileRef = 10A0E0281C875BA600E73264 /* Assets.xcassets */; };
		10A0E02C1C875BA600E73264 /* LaunchScreen.storyboard in Resources */ = {isa = PBXBuildFile; fileRef = 10A0E02A1C875BA600E73264 /* LaunchScreen.storyboard */; };
		10A0E0371C875BA600E73264 /* WashingtonPost_PracticeTestTests.swift in Sources */ = {isa = PBXBuildFile; fileRef = 10A0E0361C875BA600E73264 /* WashingtonPost_PracticeTestTests.swift */; };
		10A0E0421C875C9700E73264 /* TableViewController.swift in Sources */ = {isa = PBXBuildFile; fileRef = 10A0E0411C875C9700E73264 /* TableViewController.swift */; };
/* End PBXBuildFile section */

/* Begin PBXContainerItemProxy section */
		10A0E0331C875BA600E73264 /* PBXContainerItemProxy */ = {
			isa = PBXContainerItemProxy;
			containerPortal = 10A0E0161C875BA600E73264 /* Project object */;
			proxyType = 1;
			remoteGlobalIDString = 10A0E01D1C875BA600E73264;
			remoteInfo = "WashingtonPost-PracticeTest";
		};
/* End PBXContainerItemProxy section */

/* Begin PBXFileReference section */
		10A0E01E1C875BA600E73264 /* WashingtonPost-PracticeTest.app */ = {isa = PBXFileReference; explicitFileType = wrapper.application; includeInIndex = 0; path = "WashingtonPost-PracticeTest.app"; sourceTree = BUILT_PRODUCTS_DIR; };
		10A0E0211C875BA600E73264 /* AppDelegate.swift */ = {isa = PBXFileReference; lastKnownFileType = sourcecode.swift; path = AppDelegate.swift; sourceTree = "<group>"; };
		10A0E0231C875BA600E73264 /* ViewController.swift */ = {isa = PBXFileReference; lastKnownFileType = sourcecode.swift; path = ViewController.swift; sourceTree = "<group>"; };
		10A0E0261C875BA600E73264 /* Base */ = {isa = PBXFileReference; lastKnownFileType = file.storyboard; name = Base; path = Base.lproj/Main.storyboard; sourceTree = "<group>"; };
		10A0E0281C875BA600E73264 /* Assets.xcassets */ = {isa = PBXFileReference; lastKnownFileType = folder.assetcatalog; path = Assets.xcassets; sourceTree = "<group>"; };
		10A0E02B1C875BA600E73264 /* Base */ = {isa = PBXFileReference; lastKnownFileType = file.storyboard; name = Base; path = Base.lproj/LaunchScreen.storyboard; sourceTree = "<group>"; };
		10A0E02D1C875BA600E73264 /* Info.plist */ = {isa = PBXFileReference; lastKnownFileType = text.plist.xml; path = Info.plist; sourceTree = "<group>"; };
		10A0E0321C875BA600E73264 /* WashingtonPost-PracticeTestTests.xctest */ = {isa = PBXFileReference; explicitFileType = wrapper.cfbundle; includeInIndex = 0; path = "WashingtonPost-PracticeTestTests.xctest"; sourceTree = BUILT_PRODUCTS_DIR; };
		10A0E0361C875BA600E73264 /* WashingtonPost_PracticeTestTests.swift */ = {isa = PBXFileReference; lastKnownFileType = sourcecode.swift; path = WashingtonPost_PracticeTestTests.swift; sourceTree = "<group>"; };
		10A0E0381C875BA600E73264 /* Info.plist */ = {isa = PBXFileReference; lastKnownFileType = text.plist.xml; path = Info.plist; sourceTree = "<group>"; };
		10A0E0411C875C9700E73264 /* TableViewController.swift */ = {isa = PBXFileReference; fileEncoding = 4; lastKnownFileType = sourcecode.swift; path = TableViewController.swift; sourceTree = "<group>"; };
/* End PBXFileReference section */

/* Begin PBXFrameworksBuildPhase section */
		10A0E01B1C875BA600E73264 /* Frameworks */ = {
			isa = PBXFrameworksBuildPhase;
			buildActionMask = 2147483647;
			files = (
			);
			runOnlyForDeploymentPostprocessing = 0;
		};
		10A0E02F1C875BA600E73264 /* Frameworks */ = {
			isa = PBXFrameworksBuildPhase;
			buildActionMask = 2147483647;
			files = (
			);
			runOnlyForDeploymentPostprocessing = 0;
		};
/* End PBXFrameworksBuildPhase section */

/* Begin PBXGroup section */
		10A0E0151C875BA600E73264 = {
			isa = PBXGroup;
			children = (
				10A0E0201C875BA600E73264 /* WashingtonPost-PracticeTest */,
				10A0E0351C875BA600E73264 /* WashingtonPost-PracticeTestTests */,
				10A0E01F1C875BA600E73264 /* Products */,
			);
			sourceTree = "<group>";
		};
		10A0E01F1C875BA600E73264 /* Products */ = {
			isa = PBXGroup;
			children = (
				10A0E01E1C875BA600E73264 /* WashingtonPost-PracticeTest.app */,
				10A0E0321C875BA600E73264 /* WashingtonPost-PracticeTestTests.xctest */,
			);
			name = Products;
			sourceTree = "<group>";
		};
		10A0E0201C875BA600E73264 /* WashingtonPost-PracticeTest */ = {
			isa = PBXGroup;
			children = (
				10A0E0411C875C9700E73264 /* TableViewController.swift */,
				10A0E0211C875BA600E73264 /* AppDelegate.swift */,
				10A0E0231C875BA600E73264 /* ViewController.swift */,
				10A0E0251C875BA600E73264 /* Main.storyboard */,
				10A0E0281C875BA600E73264 /* Assets.xcassets */,
				10A0E02A1C875BA600E73264 /* LaunchScreen.storyboard */,
				10A0E02D1C875BA600E73264 /* Info.plist */,
			);
			path = "WashingtonPost-PracticeTest";
			sourceTree = "<group>";
		};
		10A0E0351C875BA600E73264 /* WashingtonPost-PracticeTestTests */ = {
			isa = PBXGroup;
			children = (
				10A0E0361C875BA600E73264 /* WashingtonPost_PracticeTestTests.swift */,
				10A0E0381C875BA600E73264 /* Info.plist */,
			);
			path = "WashingtonPost-PracticeTestTests";
			sourceTree = "<group>";
		};
/* End PBXGroup section */

/* Begin PBXNativeTarget section */
		10A0E01D1C875BA600E73264 /* WashingtonPost-PracticeTest */ = {
			isa = PBXNativeTarget;
			buildConfigurationList = 10A0E03B1C875BA600E73264 /* Build configuration list for PBXNativeTarget "WashingtonPost-PracticeTest" */;
			buildPhases = (
				10A0E01A1C875BA600E73264 /* Sources */,
				10A0E01B1C875BA600E73264 /* Frameworks */,
				10A0E01C1C875BA600E73264 /* Resources */,
			);
			buildRules = (
			);
			dependencies = (
			);
			name = "WashingtonPost-PracticeTest";
			productName = "WashingtonPost-PracticeTest";
			productReference = 10A0E01E1C875BA600E73264 /* WashingtonPost-PracticeTest.app */;
			productType = "com.apple.product-type.application";
		};
		10A0E0311C875BA600E73264 /* WashingtonPost-PracticeTestTests */ = {
			isa = PBXNativeTarget;
			buildConfigurationList = 10A0E03E1C875BA600E73264 /* Build configuration list for PBXNativeTarget "WashingtonPost-PracticeTestTests" */;
			buildPhases = (
				10A0E02E1C875BA600E73264 /* Sources */,
				10A0E02F1C875BA600E73264 /* Frameworks */,
				10A0E0301C875BA600E73264 /* Resources */,
			);
			buildRules = (
			);
			dependencies = (
				10A0E0341C875BA600E73264 /* PBXTargetDependency */,
			);
			name = "WashingtonPost-PracticeTestTests";
			productName = "WashingtonPost-PracticeTestTests";
			productReference = 10A0E0321C875BA600E73264 /* WashingtonPost-PracticeTestTests.xctest */;
			productType = "com.apple.product-type.bundle.unit-test";
		};
/* End PBXNativeTarget section */

/* Begin PBXProject section */
		10A0E0161C875BA600E73264 /* Project object */ = {
			isa = PBXProject;
			attributes = {
				LastSwiftUpdateCheck = 0720;
				LastUpgradeCheck = 0720;
				ORGANIZATIONNAME = "HARPREET SINGH";
				TargetAttributes = {
					10A0E01D1C875BA600E73264 = {
						CreatedOnToolsVersion = 7.2.1;
					};
					10A0E0311C875BA600E73264 = {
						CreatedOnToolsVersion = 7.2.1;
						TestTargetID = 10A0E01D1C875BA600E73264;
					};
				};
			};
			buildConfigurationList = 10A0E0191C875BA600E73264 /* Build configuration list for PBXProject "WashingtonPost-PracticeTest" */;
			compatibilityVersion = "Xcode 3.2";
			developmentRegion = English;
			hasScannedForEncodings = 0;
			knownRegions = (
				en,
				Base,
			);
			mainGroup = 10A0E0151C875BA600E73264;
			productRefGroup = 10A0E01F1C875BA600E73264 /* Products */;
			projectDirPath = "";
			projectRoot = "";
			targets = (
				10A0E01D1C875BA600E73264 /* WashingtonPost-PracticeTest */,
				10A0E0311C875BA600E73264 /* WashingtonPost-PracticeTestTests */,
			);
		};
/* End PBXProject section */

/* Begin PBXResourcesBuildPhase section */
		10A0E01C1C875BA600E73264 /* Resources */ = {
			isa = PBXResourcesBuildPhase;
			buildActionMask = 2147483647;
			files = (
				10A0E02C1C875BA600E73264 /* LaunchScreen.storyboard in Resources */,
				10A0E0291C875BA600E73264 /* Assets.xcassets in Resources */,
				10A0E0271C875BA600E73264 /* Main.storyboard in Resources */,
			);
			runOnlyForDeploymentPostprocessing = 0;
		};
		10A0E0301C875BA600E73264 /* Resources */ = {
			isa = PBXResourcesBuildPhase;
			buildActionMask = 2147483647;
			files = (
			);
			runOnlyForDeploymentPostprocessing = 0;
		};
/* End PBXResourcesBuildPhase section */

/* Begin PBXSourcesBuildPhase section */
		10A0E01A1C875BA600E73264 /* Sources */ = {
			isa = PBXSourcesBuildPhase;
			buildActionMask = 2147483647;
			files = (
				10A0E0241C875BA600E73264 /* ViewController.swift in Sources */,
				10A0E0421C875C9700E73264 /* TableViewController.swift in Sources */,
				10A0E0221C875BA600E73264 /* AppDelegate.swift in Sources */,
			);
			runOnlyForDeploymentPostprocessing = 0;
		};
		10A0E02E1C875BA600E73264 /* Sources */ = {
			isa = PBXSourcesBuildPhase;
			buildActionMask = 2147483647;
			files = (
				10A0E0371C875BA600E73264 /* WashingtonPost_PracticeTestTests.swift in Sources */,
			);
			runOnlyForDeploymentPostprocessing = 0;
		};
/* End PBXSourcesBuildPhase section */

/* Begin PBXTargetDependency section */
		10A0E0341C875BA600E73264 /* PBXTargetDependency */ = {
			isa = PBXTargetDependency;
			target = 10A0E01D1C875BA600E73264 /* WashingtonPost-PracticeTest */;
			targetProxy = 10A0E0331C875BA600E73264 /* PBXContainerItemProxy */;
		};
/* End PBXTargetDependency section */

/* Begin PBXVariantGroup section */
		10A0E0251C875BA600E73264 /* Main.storyboard */ = {
			isa = PBXVariantGroup;
			children = (
				10A0E0261C875BA600E73264 /* Base */,
			);
			name = Main.storyboard;
			sourceTree = "<group>";
		};
		10A0E02A1C875BA600E73264 /* LaunchScreen.storyboard */ = {
			isa = PBXVariantGroup;
			children = (
				10A0E02B1C875BA600E73264 /* Base */,
			);
			name = LaunchScreen.storyboard;
			sourceTree = "<group>";
		};
/* End PBXVariantGroup section */

/* Begin XCBuildConfiguration section */
		10A0E0391C875BA600E73264 /* Debug */ = {
			isa = XCBuildConfiguration;
			buildSettings = {
				ALWAYS_SEARCH_USER_PATHS = NO;
				CLANG_CXX_LANGUAGE_STANDARD = "gnu++0x";
				CLANG_CXX_LIBRARY = "libc++";
				CLANG_ENABLE_MODULES = YES;
				CLANG_ENABLE_OBJC_ARC = YES;
				CLANG_WARN_BOOL_CONVERSION = YES;
				CLANG_WARN_CONSTANT_CONVERSION = YES;
				CLANG_WARN_DIRECT_OBJC_ISA_USAGE = YES_ERROR;
				CLANG_WARN_EMPTY_BODY = YES;
				CLANG_WARN_ENUM_CONVERSION = YES;
				CLANG_WARN_INT_CONVERSION = YES;
				CLANG_WARN_OBJC_ROOT_CLASS = YES_ERROR;
				CLANG_WARN_UNREACHABLE_CODE = YES;
				CLANG_WARN__DUPLICATE_METHOD_MATCH = YES;
				"CODE_SIGN_IDENTITY[sdk=iphoneos*]" = "iPhone Developer";
				COPY_PHASE_STRIP = NO;
				DEBUG_INFORMATION_FORMAT = dwarf;
				ENABLE_STRICT_OBJC_MSGSEND = YES;
				ENABLE_TESTABILITY = YES;
				GCC_C_LANGUAGE_STANDARD = gnu99;
				GCC_DYNAMIC_NO_PIC = NO;
				GCC_NO_COMMON_BLOCKS = YES;
				GCC_OPTIMIZATION_LEVEL = 0;
				GCC_PREPROCESSOR_DEFINITIONS = (
					"DEBUG=1",
					"$(inherited)",
				);
				GCC_WARN_64_TO_32_BIT_CONVERSION = YES;
				GCC_WARN_ABOUT_RETURN_TYPE = YES_ERROR;
				GCC_WARN_UNDECLARED_SELECTOR = YES;
				GCC_WARN_UNINITIALIZED_AUTOS = YES_AGGRESSIVE;
				GCC_WARN_UNUSED_FUNCTION = YES;
				GCC_WARN_UNUSED_VARIABLE = YES;
				IPHONEOS_DEPLOYMENT_TARGET = 9.2;
				MTL_ENABLE_DEBUG_INFO = YES;
				ONLY_ACTIVE_ARCH = YES;
				SDKROOT = iphoneos;
				SWIFT_OPTIMIZATION_LEVEL = "-Onone";
				TARGETED_DEVICE_FAMILY = "1,2";
			};
			name = Debug;
		};
		10A0E03A1C875BA600E73264 /* Release */ = {
			isa = XCBuildConfiguration;
			buildSettings = {
				ALWAYS_SEARCH_USER_PATHS = NO;
				CLANG_CXX_LANGUAGE_STANDARD = "gnu++0x";
				CLANG_CXX_LIBRARY = "libc++";
				CLANG_ENABLE_MODULES = YES;
				CLANG_ENABLE_OBJC_ARC = YES;
				CLANG_WARN_BOOL_CONVERSION = YES;
				CLANG_WARN_CONSTANT_CONVERSION = YES;
				CLANG_WARN_DIRECT_OBJC_ISA_USAGE = YES_ERROR;
				CLANG_WARN_EMPTY_BODY = YES;
				CLANG_WARN_ENUM_CONVERSION = YES;
				CLANG_WARN_INT_CONVERSION = YES;
				CLANG_WARN_OBJC_ROOT_CLASS = YES_ERROR;
				CLANG_WARN_UNREACHABLE_CODE = YES;
				CLANG_WARN__DUPLICATE_METHOD_MATCH = YES;
				"CODE_SIGN_IDENTITY[sdk=iphoneos*]" = "iPhone Developer";
				COPY_PHASE_STRIP = NO;
				DEBUG_INFORMATION_FORMAT = "dwarf-with-dsym";
				ENABLE_NS_ASSERTIONS = NO;
				ENABLE_STRICT_OBJC_MSGSEND = YES;
				GCC_C_LANGUAGE_STANDARD = gnu99;
				GCC_NO_COMMON_BLOCKS = YES;
				GCC_WARN_64_TO_32_BIT_CONVERSION = YES;
				GCC_WARN_ABOUT_RETURN_TYPE = YES_ERROR;
				GCC_WARN_UNDECLARED_SELECTOR = YES;
				GCC_WARN_UNINITIALIZED_AUTOS = YES_AGGRESSIVE;
				GCC_WARN_UNUSED_FUNCTION = YES;
				GCC_WARN_UNUSED_VARIABLE = YES;
				IPHONEOS_DEPLOYMENT_TARGET = 9.2;
				MTL_ENABLE_DEBUG_INFO = NO;
				SDKROOT = iphoneos;
				TARGETED_DEVICE_FAMILY = "1,2";
				VALIDATE_PRODUCT = YES;
			};
			name = Release;
		};
		10A0E03C1C875BA600E73264 /* Debug */ = {
			isa = XCBuildConfiguration;
			buildSettings = {
				ASSETCATALOG_COMPILER_APPICON_NAME = AppIcon;
				INFOPLIST_FILE = "WashingtonPost-PracticeTest/Info.plist";
				LD_RUNPATH_SEARCH_PATHS = "$(inherited) @executable_path/Frameworks";
				PRODUCT_BUNDLE_IDENTIFIER = "HSR.WashingtonPost-PracticeTest";
				PRODUCT_NAME = "$(TARGET_NAME)";
			};
			name = Debug;
		};
		10A0E03D1C875BA600E73264 /* Release */ = {
			isa = XCBuildConfiguration;
			buildSettings = {
				ASSETCATALOG_COMPILER_APPICON_NAME = AppIcon;
				INFOPLIST_FILE = "WashingtonPost-PracticeTest/Info.plist";
				LD_RUNPATH_SEARCH_PATHS = "$(inherited) @executable_path/Frameworks";
				PRODUCT_BUNDLE_IDENTIFIER = "HSR.WashingtonPost-PracticeTest";
				PRODUCT_NAME = "$(TARGET_NAME)";
			};
			name = Release;
		};
		10A0E03F1C875BA600E73264 /* Debug */ = {
			isa = XCBuildConfiguration;
			buildSettings = {
				BUNDLE_LOADER = "$(TEST_HOST)";
				INFOPLIST_FILE = "WashingtonPost-PracticeTestTests/Info.plist";
				LD_RUNPATH_SEARCH_PATHS = "$(inherited) @executable_path/Frameworks @loader_path/Frameworks";
				PRODUCT_BUNDLE_IDENTIFIER = "HSR.WashingtonPost-PracticeTestTests";
				PRODUCT_NAME = "$(TARGET_NAME)";
				TEST_HOST = "$(BUILT_PRODUCTS_DIR)/WashingtonPost-PracticeTest.app/WashingtonPost-PracticeTest";
			};
			name = Debug;
		};
		10A0E0401C875BA600E73264 /* Release */ = {
			isa = XCBuildConfiguration;
			buildSettings = {
				BUNDLE_LOADER = "$(TEST_HOST)";
				INFOPLIST_FILE = "WashingtonPost-PracticeTestTests/Info.plist";
				LD_RUNPATH_SEARCH_PATHS = "$(inherited) @executable_path/Frameworks @loader_path/Frameworks";
				PRODUCT_BUNDLE_IDENTIFIER = "HSR.WashingtonPost-PracticeTestTests";
				PRODUCT_NAME = "$(TARGET_NAME)";
				TEST_HOST = "$(BUILT_PRODUCTS_DIR)/WashingtonPost-PracticeTest.app/WashingtonPost-PracticeTest";
			};
			name = Release;
		};
/* End XCBuildConfiguration section */

/* Begin XCConfigurationList section */
		10A0E0191C875BA600E73264 /* Build configuration list for PBXProject "WashingtonPost-PracticeTest" */ = {
			isa = XCConfigurationList;
			buildConfigurations = (
				10A0E0391C875BA600E73264 /* Debug */,
				10A0E03A1C875BA600E73264 /* Release */,
			);
			defaultConfigurationIsVisible = 0;
			defaultConfigurationName = Release;
		};
		10A0E03B1C875BA600E73264 /* Build configuration list for PBXNativeTarget "WashingtonPost-PracticeTest" */ = {
			isa = XCConfigurationList;
			buildConfigurations = (
				10A0E03C1C875BA600E73264 /* Debug */,
				10A0E03D1C875BA600E73264 /* Release */,
			);
			defaultConfigurationIsVisible = 0;
		};
		10A0E03E1C875BA600E73264 /* Build configuration list for PBXNativeTarget "WashingtonPost-PracticeTestTests" */ = {
			isa = XCConfigurationList;
			buildConfigurations = (
				10A0E03F1C875BA600E73264 /* Debug */,
				10A0E0401C875BA600E73264 /* Release */,
			);
			defaultConfigurationIsVisible = 0;
		};
/* End XCConfigurationList section */
	};
	rootObject = 10A0E0161C875BA600E73264 /* Project object */;
}
